
Microsoft Visual Studio Solution File, Format Version 12.00
# Visual Studio 15
VisualStudioVersion = 15.0.27703.2026
MinimumVisualStudioVersion = 10.0.40219.1
Project("{9A19103F-16F7-4668-BE54-9A1E7A4F7556}") = "ConfigStuff", "ConfigStuff\ConfigStuff.csproj", "{747F4482-8CB2-49DC-991F-6292F88EA24C}"
EndProject
Project("{2150E333-8FDC-42A3-9474-1A3956D46DE8}") = "Solution Items", "Solution Items", "{94865B1E-030C-47BC-A037-03CB2E619BCB}"
	ProjectSection(SolutionItems) = preProject
		.editorconfig = .editorconfig
	EndProjectSection
EndProject
Global
	GlobalSection(SolutionConfigurationPlatforms) = preSolution
		Debug|Any CPU = Debug|Any CPU
		Release|Any CPU = Release|Any CPU
	EndGlobalSection
	GlobalSection(ProjectConfigurationPlatforms) = postSolution
		{747F4482-8CB2-49DC-991F-6292F88EA24C}.Debug|Any CPU.ActiveCfg = Debug|Any CPU
		{747F4482-8CB2-49DC-991F-6292F88EA24C}.Debug|Any CPU.Build.0 = Debug|Any CPU
		{747F4482-8CB2-49DC-991F-6292F88EA24C}.Release|Any CPU.ActiveCfg = Release|Any CPU
		{747F4482-8CB2-49DC-991F-6292F88EA24C}.Release|Any CPU.Build.0 = Release|Any CPU
	EndGlobalSection
	GlobalSection(SolutionProperties) = preSolution
		HideSolutionNode = FALSE
	EndGlobalSection
	GlobalSection(ExtensibilityGlobals) = postSolution
		SolutionGuid = {08C24254-26DF-4E67-B6BA-D4B317FD742A}
	EndGlobalSection
EndGlobal
